
Microsoft Visual Studio Solution File, Format Version 11.00
# Visual Studio 2010
Project("{FAE04EC0-301F-11D3-BF4B-00C04F79EFBC}") = "TelerikExample", "TelerikExample.csproj", "{75E237CA-FE79-4688-9AA0-42E0058738B6}"
EndProject
Project("{FAE04EC0-301F-11D3-BF4B-00C04F79EFBC}") = "Repository", "..\Repository\Repository.csproj", "{9BCDF974-69C0-4FD4-BE78-A4B64B708C29}"
EndProject
Project("{00000000-0000-0000-0000-000000000000}") = "Snable", "..\Snable\Snable.csproj", "{8EC06FA1-91F7-462E-B35F-38DF4130E744}"
EndProject
Global
	GlobalSection(SubversionScc) = preSolution
		Svn-Managed = True
		Manager = AnkhSVN - Subversion Support for Visual Studio
	EndGlobalSection
	GlobalSection(SolutionConfigurationPlatforms) = preSolution
		Debug|Any CPU = Debug|Any CPU
		Release|Any CPU = Release|Any CPU
	EndGlobalSection
	GlobalSection(ProjectConfigurationPlatforms) = postSolution
		{75E237CA-FE79-4688-9AA0-42E0058738B6}.Debug|Any CPU.ActiveCfg = Debug|Any CPU
		{75E237CA-FE79-4688-9AA0-42E0058738B6}.Debug|Any CPU.Build.0 = Debug|Any CPU
		{75E237CA-FE79-4688-9AA0-42E0058738B6}.Release|Any CPU.ActiveCfg = Release|Any CPU
		{75E237CA-FE79-4688-9AA0-42E0058738B6}.Release|Any CPU.Build.0 = Release|Any CPU
		{9BCDF974-69C0-4FD4-BE78-A4B64B708C29}.Debug|Any CPU.ActiveCfg = Debug|Any CPU
		{9BCDF974-69C0-4FD4-BE78-A4B64B708C29}.Debug|Any CPU.Build.0 = Debug|Any CPU
		{9BCDF974-69C0-4FD4-BE78-A4B64B708C29}.Release|Any CPU.ActiveCfg = Release|Any CPU
		{9BCDF974-69C0-4FD4-BE78-A4B64B708C29}.Release|Any CPU.Build.0 = Release|Any CPU
		{8EC06FA1-91F7-462E-B35F-38DF4130E744}.Debug|Any CPU.ActiveCfg = Debug|Any CPU
		{8EC06FA1-91F7-462E-B35F-38DF4130E744}.Debug|Any CPU.Build.0 = Debug|Any CPU
		{8EC06FA1-91F7-462E-B35F-38DF4130E744}.Release|Any CPU.ActiveCfg = Release|Any CPU
		{8EC06FA1-91F7-462E-B35F-38DF4130E744}.Release|Any CPU.Build.0 = Release|Any CPU
	EndGlobalSection
	GlobalSection(SolutionProperties) = preSolution
		HideSolutionNode = FALSE
	EndGlobalSection
EndGlobal
