
Microsoft Visual Studio Solution File, Format Version 11.00
# Visual Studio 2010
Project("{FAE04EC0-301F-11D3-BF4B-00C04F79EFBC}") = "WebApplication1", "WebApplication1\WebApplication1.csproj", "{5DB4AED6-BAF5-45C9-93AA-34800AEF91A4}"
EndProject
Project("{FAE04EC0-301F-11D3-BF4B-00C04F79EFBC}") = "Repository", "Repository\Repository.csproj", "{10E651F4-CBC1-43A7-B5CE-376F3475EAE8}"
EndProject
Project("{FAE04EC0-301F-11D3-BF4B-00C04F79EFBC}") = "TestRepo", "TestRepo\TestRepo.csproj", "{92CE1755-C082-43FD-8089-CF525F800867}"
EndProject
Project("{2150E333-8FDC-42A3-9474-1A3956D46DE8}") = "Solution Items", "Solution Items", "{25D0674C-E7AB-4E30-9474-7473C9DC591E}"
	ProjectSection(SolutionItems) = preProject
		Local.testsettings = Local.testsettings
		TraceAndTestImpact.testsettings = TraceAndTestImpact.testsettings
		WebApplication1.vsmdi = WebApplication1.vsmdi
		WebApplication11.vsmdi = WebApplication11.vsmdi
	EndProjectSection
EndProject
Project("{FAE04EC0-301F-11D3-BF4B-00C04F79EFBC}") = "ParallelResourcer", "parallelresourcer\ParallelResourcer.csproj", "{EEA5E80B-D5B6-41B9-AB48-E82A3273C3CE}"
EndProject
Project("{FAE04EC0-301F-11D3-BF4B-00C04F79EFBC}") = "TestParallelPatterns", "TestParallelPatterns\TestParallelPatterns.csproj", "{21A3CBC7-2839-4BA2-8FA6-98C8B1073B11}"
EndProject
Global
	GlobalSection(SubversionScc) = preSolution
		Svn-Managed = True
		Manager = AnkhSVN - Subversion Support for Visual Studio
	EndGlobalSection
	GlobalSection(TestCaseManagementSettings) = postSolution
		CategoryFile = WebApplication11.vsmdi
	EndGlobalSection
	GlobalSection(SolutionConfigurationPlatforms) = preSolution
		Debug|Any CPU = Debug|Any CPU
		Debug|Mixed Platforms = Debug|Mixed Platforms
		Debug|x86 = Debug|x86
		Release|Any CPU = Release|Any CPU
		Release|Mixed Platforms = Release|Mixed Platforms
		Release|x86 = Release|x86
	EndGlobalSection
	GlobalSection(ProjectConfigurationPlatforms) = postSolution
		{5DB4AED6-BAF5-45C9-93AA-34800AEF91A4}.Debug|Any CPU.ActiveCfg = Debug|Any CPU
		{5DB4AED6-BAF5-45C9-93AA-34800AEF91A4}.Debug|Any CPU.Build.0 = Debug|Any CPU
		{5DB4AED6-BAF5-45C9-93AA-34800AEF91A4}.Debug|Mixed Platforms.ActiveCfg = Debug|Any CPU
		{5DB4AED6-BAF5-45C9-93AA-34800AEF91A4}.Debug|Mixed Platforms.Build.0 = Debug|Any CPU
		{5DB4AED6-BAF5-45C9-93AA-34800AEF91A4}.Debug|x86.ActiveCfg = Debug|Any CPU
		{5DB4AED6-BAF5-45C9-93AA-34800AEF91A4}.Release|Any CPU.ActiveCfg = Release|Any CPU
		{5DB4AED6-BAF5-45C9-93AA-34800AEF91A4}.Release|Any CPU.Build.0 = Release|Any CPU
		{5DB4AED6-BAF5-45C9-93AA-34800AEF91A4}.Release|Mixed Platforms.ActiveCfg = Release|Any CPU
		{5DB4AED6-BAF5-45C9-93AA-34800AEF91A4}.Release|Mixed Platforms.Build.0 = Release|Any CPU
		{5DB4AED6-BAF5-45C9-93AA-34800AEF91A4}.Release|x86.ActiveCfg = Release|Any CPU
		{10E651F4-CBC1-43A7-B5CE-376F3475EAE8}.Debug|Any CPU.ActiveCfg = Debug|Any CPU
		{10E651F4-CBC1-43A7-B5CE-376F3475EAE8}.Debug|Any CPU.Build.0 = Debug|Any CPU
		{10E651F4-CBC1-43A7-B5CE-376F3475EAE8}.Debug|Mixed Platforms.ActiveCfg = Debug|Any CPU
		{10E651F4-CBC1-43A7-B5CE-376F3475EAE8}.Debug|Mixed Platforms.Build.0 = Debug|Any CPU
		{10E651F4-CBC1-43A7-B5CE-376F3475EAE8}.Debug|x86.ActiveCfg = Debug|Any CPU
		{10E651F4-CBC1-43A7-B5CE-376F3475EAE8}.Release|Any CPU.ActiveCfg = Release|Any CPU
		{10E651F4-CBC1-43A7-B5CE-376F3475EAE8}.Release|Any CPU.Build.0 = Release|Any CPU
		{10E651F4-CBC1-43A7-B5CE-376F3475EAE8}.Release|Mixed Platforms.ActiveCfg = Release|Any CPU
		{10E651F4-CBC1-43A7-B5CE-376F3475EAE8}.Release|Mixed Platforms.Build.0 = Release|Any CPU
		{10E651F4-CBC1-43A7-B5CE-376F3475EAE8}.Release|x86.ActiveCfg = Release|Any CPU
		{92CE1755-C082-43FD-8089-CF525F800867}.Debug|Any CPU.ActiveCfg = Debug|Any CPU
		{92CE1755-C082-43FD-8089-CF525F800867}.Debug|Any CPU.Build.0 = Debug|Any CPU
		{92CE1755-C082-43FD-8089-CF525F800867}.Debug|Mixed Platforms.ActiveCfg = Debug|Any CPU
		{92CE1755-C082-43FD-8089-CF525F800867}.Debug|Mixed Platforms.Build.0 = Debug|Any CPU
		{92CE1755-C082-43FD-8089-CF525F800867}.Debug|x86.ActiveCfg = Debug|Any CPU
		{92CE1755-C082-43FD-8089-CF525F800867}.Release|Any CPU.ActiveCfg = Release|Any CPU
		{92CE1755-C082-43FD-8089-CF525F800867}.Release|Any CPU.Build.0 = Release|Any CPU
		{92CE1755-C082-43FD-8089-CF525F800867}.Release|Mixed Platforms.ActiveCfg = Release|Any CPU
		{92CE1755-C082-43FD-8089-CF525F800867}.Release|Mixed Platforms.Build.0 = Release|Any CPU
		{92CE1755-C082-43FD-8089-CF525F800867}.Release|x86.ActiveCfg = Release|Any CPU
		{EEA5E80B-D5B6-41B9-AB48-E82A3273C3CE}.Debug|Any CPU.ActiveCfg = Debug|x86
		{EEA5E80B-D5B6-41B9-AB48-E82A3273C3CE}.Debug|Mixed Platforms.ActiveCfg = Debug|x86
		{EEA5E80B-D5B6-41B9-AB48-E82A3273C3CE}.Debug|Mixed Platforms.Build.0 = Debug|x86
		{EEA5E80B-D5B6-41B9-AB48-E82A3273C3CE}.Debug|x86.ActiveCfg = Debug|x86
		{EEA5E80B-D5B6-41B9-AB48-E82A3273C3CE}.Debug|x86.Build.0 = Debug|x86
		{EEA5E80B-D5B6-41B9-AB48-E82A3273C3CE}.Release|Any CPU.ActiveCfg = Release|x86
		{EEA5E80B-D5B6-41B9-AB48-E82A3273C3CE}.Release|Mixed Platforms.ActiveCfg = Release|x86
		{EEA5E80B-D5B6-41B9-AB48-E82A3273C3CE}.Release|Mixed Platforms.Build.0 = Release|x86
		{EEA5E80B-D5B6-41B9-AB48-E82A3273C3CE}.Release|x86.ActiveCfg = Release|x86
		{EEA5E80B-D5B6-41B9-AB48-E82A3273C3CE}.Release|x86.Build.0 = Release|x86
		{21A3CBC7-2839-4BA2-8FA6-98C8B1073B11}.Debug|Any CPU.ActiveCfg = Debug|Any CPU
		{21A3CBC7-2839-4BA2-8FA6-98C8B1073B11}.Debug|Any CPU.Build.0 = Debug|Any CPU
		{21A3CBC7-2839-4BA2-8FA6-98C8B1073B11}.Debug|Mixed Platforms.ActiveCfg = Debug|Any CPU
		{21A3CBC7-2839-4BA2-8FA6-98C8B1073B11}.Debug|Mixed Platforms.Build.0 = Debug|Any CPU
		{21A3CBC7-2839-4BA2-8FA6-98C8B1073B11}.Debug|x86.ActiveCfg = Debug|Any CPU
		{21A3CBC7-2839-4BA2-8FA6-98C8B1073B11}.Release|Any CPU.ActiveCfg = Release|Any CPU
		{21A3CBC7-2839-4BA2-8FA6-98C8B1073B11}.Release|Any CPU.Build.0 = Release|Any CPU
		{21A3CBC7-2839-4BA2-8FA6-98C8B1073B11}.Release|Mixed Platforms.ActiveCfg = Release|Any CPU
		{21A3CBC7-2839-4BA2-8FA6-98C8B1073B11}.Release|Mixed Platforms.Build.0 = Release|Any CPU
		{21A3CBC7-2839-4BA2-8FA6-98C8B1073B11}.Release|x86.ActiveCfg = Release|Any CPU
	EndGlobalSection
	GlobalSection(SolutionProperties) = preSolution
		HideSolutionNode = FALSE
	EndGlobalSection
EndGlobal
